
Microsoft Visual Studio Solution File, Format Version 12.00
# Visual Studio Version 17
VisualStudioVersion = 17.0.31903.59
MinimumVisualStudioVersion = 10.0.40219.1
Project("{9A19103F-16F7-4668-BE54-9A1E7A4F7556}") = "CCLCareerSpawner", "CCLCareerSpawner\CCLCareerSpawner.csproj", "{5088A2AD-8E3A-4779-AB43-06A90992CFE0}"
EndProject
Project("{FAE04EC0-301F-11D3-BF4B-00C04F79EFBC}") = "CCLCareerSpawnerTypes", "CCLCareerSpawnerTypes\CCLCareerSpawnerTypes.csproj", "{9ECF415E-1357-48F2-A39F-1288F716987F}"
EndProject
Project("{2150E333-8FDC-42A3-9474-1A3956D46DE8}") = "Solution Items", "Solution Items", "{6C3A63C8-4F84-41D8-BC02-F7AAE601B70A}"
	ProjectSection(SolutionItems) = preProject
		info.json = info.json
		repository.json = repository.json
	EndProjectSection
EndProject
Global
	GlobalSection(SolutionConfigurationPlatforms) = preSolution
		Debug|Any CPU = Debug|Any CPU
		Release|Any CPU = Release|Any CPU
	EndGlobalSection
	GlobalSection(ProjectConfigurationPlatforms) = postSolution
		{5088A2AD-8E3A-4779-AB43-06A90992CFE0}.Debug|Any CPU.ActiveCfg = Debug|Any CPU
		{5088A2AD-8E3A-4779-AB43-06A90992CFE0}.Debug|Any CPU.Build.0 = Debug|Any CPU
		{5088A2AD-8E3A-4779-AB43-06A90992CFE0}.Release|Any CPU.ActiveCfg = Release|Any CPU
		{5088A2AD-8E3A-4779-AB43-06A90992CFE0}.Release|Any CPU.Build.0 = Release|Any CPU
		{9ECF415E-1357-48F2-A39F-1288F716987F}.Debug|Any CPU.ActiveCfg = Debug|Any CPU
		{9ECF415E-1357-48F2-A39F-1288F716987F}.Debug|Any CPU.Build.0 = Debug|Any CPU
		{9ECF415E-1357-48F2-A39F-1288F716987F}.Release|Any CPU.ActiveCfg = Release|Any CPU
		{9ECF415E-1357-48F2-A39F-1288F716987F}.Release|Any CPU.Build.0 = Release|Any CPU
	EndGlobalSection
	GlobalSection(SolutionProperties) = preSolution
		HideSolutionNode = FALSE
	EndGlobalSection
	GlobalSection(ExtensibilityGlobals) = postSolution
		SolutionGuid = {AABFBE8B-2A29-4DDC-BC3B-C0379B972269}
	EndGlobalSection
EndGlobal
